<?xml version="1.0" encoding="utf-8"?>
<Project ToolsVersion="4.0" xmlns="http://schemas.microsoft.com/developer/msbuild/2003">
  <ItemGroup>
    <Filter Include="소스 파일">
      <UniqueIdentifier>{4FC737F1-C7A5-4376-A066-2A32D752A2FF}</UniqueIdentifier>
      <Extensions>cpp;c;cc;cxx;c++;cppm;ixx;def;odl;idl;hpj;bat;asm;asmx</Extensions>
    </Filter>
    <Filter Include="헤더 파일">
      <UniqueIdentifier>{93995380-89BD-4b04-88EB-625FBE52EBFB}</UniqueIdentifier>
      <Extensions>h;hh;hpp;hxx;h++;hm;inl;inc;ipp;xsd</Extensions>
    </Filter>
    <Filter Include="리소스 파일">
      <UniqueIdentifier>{67DA6AB6-F800-4c08-8B7A-83BB121AAD01}</UniqueIdentifier>
      <Extensions>rc;ico;cur;bmp;dlg;rc2;rct;bin;rgs;gif;jpg;jpeg;jpe;resx;tiff;tif;png;wav;mfcribbon-ms</Extensions>
    </Filter>
  </ItemGroup>
  <ItemGroup>
    <ClCompile Include="12_inline.cpp">
      <Filter>소스 파일</Filter>
    </ClCompile>
    <ClCompile Include="13_RangeOP.cpp">
      <Filter>소스 파일</Filter>
    </ClCompile>
    <ClCompile Include="14_Class.cpp">
      <Filter>소스 파일</Filter>
    </ClCompile>
    <ClCompile Include="15_instance.cpp">
      <Filter>소스 파일</Filter>
    </ClCompile>
    <ClCompile Include="16_Constructor.cpp">
      <Filter>소스 파일</Filter>
    </ClCompile>
    <ClCompile Include="17_Hidden.cpp">
      <Filter>소스 파일</Filter>
    </ClCompile>
    <ClCompile Include="18_Destructor.cpp">
      <Filter>소스 파일</Filter>
    </ClCompile>
    <ClCompile Include="19_StaticDynamic.cpp">
      <Filter>소스 파일</Filter>
    </ClCompile>
    <ClCompile Include="20_CopyConstructor.cpp">
      <Filter>소스 파일</Filter>
    </ClCompile>
    <ClCompile Include="21_GetterSetter.cpp">
      <Filter>소스 파일</Filter>
    </ClCompile>
    <ClCompile Include="22_init.cpp">
      <Filter>소스 파일</Filter>
    </ClCompile>
    <ClCompile Include="23_This.cpp">
      <Filter>소스 파일</Filter>
    </ClCompile>
    <ClCompile Include="24_Chaning.cpp">
      <Filter>소스 파일</Filter>
    </ClCompile>
    <ClCompile Include="25_Const.cpp">
      <Filter>소스 파일</Filter>
    </ClCompile>
    <ClCompile Include="26_Static.cpp">
      <Filter>소스 파일</Filter>
    </ClCompile>
    <ClCompile Include="27_ConstClass.cpp">
      <Filter>소스 파일</Filter>
    </ClCompile>
    <ClCompile Include="28_AddOperator.cpp">
      <Filter>소스 파일</Filter>
    </ClCompile>
    <ClCompile Include="29_CastOperator.cpp">
      <Filter>소스 파일</Filter>
    </ClCompile>
    <ClCompile Include="30_Inherit.cpp">
      <Filter>소스 파일</Filter>
    </ClCompile>
    <ClCompile Include="31_Inherit2.cpp">
      <Filter>소스 파일</Filter>
    </ClCompile>
    <ClCompile Include="32_Multi_Inherit.cpp">
      <Filter>소스 파일</Filter>
    </ClCompile>
    <ClCompile Include="33_Compatible.cpp">
      <Filter>소스 파일</Filter>
    </ClCompile>
    <ClCompile Include="34_Override.cpp">
      <Filter>소스 파일</Filter>
    </ClCompile>
    <ClCompile Include="35_Virtual.cpp">
      <Filter>소스 파일</Filter>
    </ClCompile>
    <ClCompile Include="36_Virtual2.cpp">
      <Filter>소스 파일</Filter>
    </ClCompile>
    <ClCompile Include="37_Override2.cpp">
      <Filter>소스 파일</Filter>
    </ClCompile>
    <ClCompile Include="38_VirtualDestroy.cpp">
      <Filter>소스 파일</Filter>
    </ClCompile>
    <ClCompile Include="39_Abstract.cpp">
      <Filter>소스 파일</Filter>
    </ClCompile>
    <ClCompile Include="40_Abstract2.cpp">
      <Filter>소스 파일</Filter>
    </ClCompile>
    <ClCompile Include="41_VirtualClass.cpp">
      <Filter>소스 파일</Filter>
    </ClCompile>
    <ClCompile Include="42_NestedClass.cpp">
      <Filter>소스 파일</Filter>
    </ClCompile>
    <ClCompile Include="43_FuncTemplate.cpp">
      <Filter>소스 파일</Filter>
    </ClCompile>
    <ClCompile Include="44_ClassTemplate.cpp">
      <Filter>소스 파일</Filter>
    </ClCompile>
    <ClCompile Include="45_NameSpace.cpp">
      <Filter>소스 파일</Filter>
    </ClCompile>
    <ClCompile Include="46_NameSpace2.cpp">
      <Filter>소스 파일</Filter>
    </ClCompile>
    <ClCompile Include="47_String.cpp">
      <Filter>소스 파일</Filter>
    </ClCompile>
    <ClCompile Include="Player.cpp">
      <Filter>소스 파일</Filter>
    </ClCompile>
    <ClCompile Include="Enemy.cpp">
      <Filter>소스 파일</Filter>
    </ClCompile>
    <ClCompile Include="48_UniquePtr.cpp">
      <Filter>소스 파일</Filter>
    </ClCompile>
    <ClCompile Include="49_SharedPtr.cpp">
      <Filter>소스 파일</Filter>
    </ClCompile>
    <ClCompile Include="50_Circular.cpp">
      <Filter>소스 파일</Filter>
    </ClCompile>
    <ClCompile Include="51_WeakPtr.cpp">
      <Filter>소스 파일</Filter>
    </ClCompile>
    <ClCompile Include="52_BytePadding.cpp">
      <Filter>소스 파일</Filter>
    </ClCompile>
    <ClCompile Include="53_Lamdacpp.cpp">
      <Filter>소스 파일</Filter>
    </ClCompile>
  </ItemGroup>
  <ItemGroup>
    <ClInclude Include="Player.h">
      <Filter>헤더 파일</Filter>
    </ClInclude>
    <ClInclude Include="Enemy.h">
      <Filter>헤더 파일</Filter>
    </ClInclude>
  </ItemGroup>
</Project>